
Microsoft Visual Studio Solution File, Format Version 12.00
# Visual Studio Version 17
VisualStudioVersion = 17.8.34525.116
MinimumVisualStudioVersion = 10.0.40219.1
Project("{FAE04EC0-301F-11D3-BF4B-00C04F79EFBC}") = "ConsoleApp1", "ConsoleApp1\ConsoleApp1.csproj", "{7DF0F294-58DC-4531-9355-8D76C9B6577B}"
EndProject
Global
	GlobalSection(SolutionConfigurationPlatforms) = preSolution
		Debug|Any CPU = Debug|Any CPU
		Release|Any CPU = Release|Any CPU
	EndGlobalSection
	GlobalSection(ProjectConfigurationPlatforms) = postSolution
		{7DF0F294-58DC-4531-9355-8D76C9B6577B}.Debug|Any CPU.ActiveCfg = Debug|Any CPU
		{7DF0F294-58DC-4531-9355-8D76C9B6577B}.Debug|Any CPU.Build.0 = Debug|Any CPU
		{7DF0F294-58DC-4531-9355-8D76C9B6577B}.Release|Any CPU.ActiveCfg = Release|Any CPU
		{7DF0F294-58DC-4531-9355-8D76C9B6577B}.Release|Any CPU.Build.0 = Release|Any CPU
	EndGlobalSection
	GlobalSection(SolutionProperties) = preSolution
		HideSolutionNode = FALSE
	EndGlobalSection
	GlobalSection(ExtensibilityGlobals) = postSolution
		SolutionGuid = {9079ED15-F074-4A29-96DD-801E9482FA4B}
	EndGlobalSection
EndGlobal
